{
  "version": 4,
  "terraform_version": "1.10.5",
  "serial": 485,
  "lineage": "f574b1f4-fb9f-ac95-5493-b050a867ce46",
  "outputs": {
    "cw_log_group_arn": {
      "value": "arn:aws:iam::741029586583:role/iam_for_cloudwatch",
      "type": "string"
    },
    "log_group_arn": {
      "value": "arn:aws:logs:us-west-2:741029586583:log-group:visitorlogs_nr9aeqflql/production",
      "type": "string"
    }
  },
  "resources": [
    {
      "mode": "data",
      "type": "archive_file",
      "name": "visitor-counter-lambda",
      "provider": "provider[\"registry.terraform.io/hashicorp/archive\"]",
      "instances": [
        {
          "schema_version": 0,
          "attributes": {
            "exclude_symlink_directories": null,
            "excludes": null,
            "id": "02495ab447ba11afdcf77a8160cc8e2dbfd4148e",
            "output_base64sha256": "vUj04TuZbhnev9XxO4Ejazut7BXjOxQEUegJYYqlTW8=",
            "output_base64sha512": "VtZyIS1Z//tK8FRKvWu3EEqM+wjVVZPURZ3I+lS1boQEooihms3Zw22O6WozWaCVLhmu+5/mE/JYpNbNIA2fdA==",
            "output_file_mode": null,
            "output_md5": "a325bece1f443f80038d5a95a1449db3",
            "output_path": "visitorcounter2.zip",
            "output_sha": "02495ab447ba11afdcf77a8160cc8e2dbfd4148e",
            "output_sha256": "bd48f4e13b996e19debfd5f13b81236b3badec15e33b140451e809618aa54d6f",
            "output_sha512": "56d672212d59fffb4af0544abd6bb7104a8cfb08d55593d4459dc8fa54b56e8404a288a19acdd9c36d8ee96a3359a0952e19aefb9fe613f258a4d6cd200d9f74",
            "output_size": 1474,
            "source": [],
            "source_content": null,
            "source_content_filename": null,
            "source_dir": null,
            "source_file": "lambda.py",
            "type": "zip"
          },
          "sensitive_attributes": []
        }
      ]
    },
    {
      "mode": "data",
      "type": "aws_iam_policy_document",
      "name": "assume_role",
      "provider": "provider[\"registry.terraform.io/hashicorp/aws\"]",
      "instances": [
        {
          "schema_version": 0,
          "attributes": {
            "id": "2690255455",
            "json": "{\n  \"Version\": \"2012-10-17\",\n  \"Statement\": [\n    {\n      \"Effect\": \"Allow\",\n      \"Action\": \"sts:AssumeRole\",\n      \"Principal\": {\n        \"Service\": \"lambda.amazonaws.com\"\n      }\n    }\n  ]\n}",
            "minified_json": "{\"Version\":\"2012-10-17\",\"Statement\":[{\"Effect\":\"Allow\",\"Action\":\"sts:AssumeRole\",\"Principal\":{\"Service\":\"lambda.amazonaws.com\"}}]}",
            "override_json": null,
            "override_policy_documents": null,
            "policy_id": null,
            "source_json": null,
            "source_policy_documents": null,
            "statement": [
              {
                "actions": [
                  "sts:AssumeRole"
                ],
                "condition": [],
                "effect": "Allow",
                "not_actions": [],
                "not_principals": [],
                "not_resources": [],
                "principals": [
                  {
                    "identifiers": [
                      "lambda.amazonaws.com"
                    ],
                    "type": "Service"
                  }
                ],
                "resources": [],
                "sid": ""
              }
            ],
            "version": "2012-10-17"
          },
          "sensitive_attributes": []
        }
      ]
    },
    {
      "mode": "data",
      "type": "aws_iam_policy_document",
      "name": "cw_assume_role",
      "provider": "provider[\"registry.terraform.io/hashicorp/aws\"]",
      "instances": [
        {
          "schema_version": 0,
          "attributes": {
            "id": "2131682581",
            "json": "{\n  \"Version\": \"2012-10-17\",\n  \"Statement\": [\n    {\n      \"Effect\": \"Allow\",\n      \"Action\": \"sts:AssumeRole\",\n      \"Principal\": {\n        \"Service\": [\n          \"lambda.amazonaws.com\",\n          \"cloudwatch.amazonaws.com\"\n        ]\n      }\n    }\n  ]\n}",
            "minified_json": "{\"Version\":\"2012-10-17\",\"Statement\":[{\"Effect\":\"Allow\",\"Action\":\"sts:AssumeRole\",\"Principal\":{\"Service\":[\"lambda.amazonaws.com\",\"cloudwatch.amazonaws.com\"]}}]}",
            "override_json": null,
            "override_policy_documents": null,
            "policy_id": null,
            "source_json": null,
            "source_policy_documents": null,
            "statement": [
              {
                "actions": [
                  "sts:AssumeRole"
                ],
                "condition": [],
                "effect": "Allow",
                "not_actions": [],
                "not_principals": [],
                "not_resources": [],
                "principals": [
                  {
                    "identifiers": [
                      "cloudwatch.amazonaws.com",
                      "lambda.amazonaws.com"
                    ],
                    "type": "Service"
                  }
                ],
                "resources": [],
                "sid": ""
              }
            ],
            "version": "2012-10-17"
          },
          "sensitive_attributes": []
        }
      ]
    },
    {
      "mode": "managed",
      "type": "aws_api_gateway_deployment",
      "name": "apideployment",
      "provider": "provider[\"registry.terraform.io/hashicorp/aws\"]",
      "instances": [
        {
          "schema_version": 0,
          "attributes": {
            "canary_settings": [],
            "created_date": "2025-03-14T00:05:22Z",
            "description": "",
            "execution_arn": "arn:aws:execute-api:us-west-2:741029586583:nr9aeqflql/",
            "id": "60obgb",
            "invoke_url": "https://nr9aeqflql.execute-api.us-west-2.amazonaws.com/",
            "rest_api_id": "nr9aeqflql",
            "stage_description": null,
            "stage_name": null,
            "triggers": {
              "redeployment": "b7e471785c383cc304832b6ef3691be203fc2f60"
            },
            "variables": null
          },
          "sensitive_attributes": [],
          "private": "bnVsbA==",
          "dependencies": [
            "aws_api_gateway_integration.statusintegration",
            "aws_api_gateway_method.getstatus",
            "aws_api_gateway_resource.status",
            "aws_api_gateway_rest_api.visitorapi",
            "aws_iam_role.iam_for_cloudwatch",
            "aws_lambda_function.visitor-counter",
            "aws_s3_bucket.lambda-visitor-counter-resources",
            "data.archive_file.visitor-counter-lambda",
            "data.aws_iam_policy_document.cw_assume_role"
          ],
          "create_before_destroy": true
        }
      ]
    },
    {
      "mode": "managed",
      "type": "aws_api_gateway_integration",
      "name": "corsoptionintegration",
      "provider": "provider[\"registry.terraform.io/hashicorp/aws\"]",
      "instances": [
        {
          "schema_version": 0,
          "attributes": {
            "cache_key_parameters": null,
            "cache_namespace": "xbth5v",
            "connection_id": "",
            "connection_type": "INTERNET",
            "content_handling": "",
            "credentials": "",
            "http_method": "GET",
            "id": "agi-nr9aeqflql-xbth5v-GET",
            "integration_http_method": "POST",
            "passthrough_behavior": "WHEN_NO_MATCH",
            "request_parameters": null,
            "request_templates": null,
            "resource_id": "xbth5v",
            "rest_api_id": "nr9aeqflql",
            "timeout_milliseconds": 29000,
            "tls_config": [],
            "type": "AWS_PROXY",
            "uri": "arn:aws:apigateway:us-west-2:lambda:path/2015-03-31/functions/arn:aws:lambda:us-west-2:741029586583:function:visitor-counter/invocations"
          },
          "sensitive_attributes": [],
          "private": "bnVsbA==",
          "dependencies": [
            "aws_api_gateway_resource.visitor",
            "aws_api_gateway_rest_api.visitorapi",
            "aws_iam_role.iam_for_cloudwatch",
            "aws_lambda_function.visitor-counter",
            "aws_s3_bucket.lambda-visitor-counter-resources",
            "data.archive_file.visitor-counter-lambda",
            "data.aws_iam_policy_document.cw_assume_role"
          ]
        }
      ]
    },
    {
      "mode": "managed",
      "type": "aws_api_gateway_integration",
      "name": "deletevisitorintegration",
      "provider": "provider[\"registry.terraform.io/hashicorp/aws\"]",
      "instances": [
        {
          "schema_version": 0,
          "attributes": {
            "cache_key_parameters": [],
            "cache_namespace": "xbth5v",
            "connection_id": "",
            "connection_type": "INTERNET",
            "content_handling": "",
            "credentials": "",
            "http_method": "DELETE",
            "id": "agi-nr9aeqflql-xbth5v-DELETE",
            "integration_http_method": "POST",
            "passthrough_behavior": "WHEN_NO_MATCH",
            "request_parameters": {},
            "request_templates": {},
            "resource_id": "xbth5v",
            "rest_api_id": "nr9aeqflql",
            "timeout_milliseconds": 29000,
            "tls_config": [],
            "type": "AWS_PROXY",
            "uri": "arn:aws:apigateway:us-west-2:lambda:path/2015-03-31/functions/arn:aws:lambda:us-west-2:741029586583:function:visitor-counter/invocations"
          },
          "sensitive_attributes": [],
          "private": "bnVsbA==",
          "dependencies": [
            "aws_api_gateway_resource.visitor",
            "aws_api_gateway_rest_api.visitorapi",
            "aws_iam_role.iam_for_cloudwatch",
            "aws_lambda_function.visitor-counter",
            "aws_s3_bucket.lambda-visitor-counter-resources",
            "data.archive_file.visitor-counter-lambda",
            "data.aws_iam_policy_document.cw_assume_role"
          ]
        }
      ]
    },
    {
      "mode": "managed",
      "type": "aws_api_gateway_integration",
      "name": "patchvisitorintegration",
      "provider": "provider[\"registry.terraform.io/hashicorp/aws\"]",
      "instances": [
        {
          "schema_version": 0,
          "attributes": {
            "cache_key_parameters": [],
            "cache_namespace": "xbth5v",
            "connection_id": "",
            "connection_type": "INTERNET",
            "content_handling": "",
            "credentials": "",
            "http_method": "PATCH",
            "id": "agi-nr9aeqflql-xbth5v-PATCH",
            "integration_http_method": "POST",
            "passthrough_behavior": "WHEN_NO_MATCH",
            "request_parameters": {},
            "request_templates": {},
            "resource_id": "xbth5v",
            "rest_api_id": "nr9aeqflql",
            "timeout_milliseconds": 29000,
            "tls_config": [],
            "type": "AWS_PROXY",
            "uri": "arn:aws:apigateway:us-west-2:lambda:path/2015-03-31/functions/arn:aws:lambda:us-west-2:741029586583:function:visitor-counter/invocations"
          },
          "sensitive_attributes": [],
          "private": "bnVsbA==",
          "dependencies": [
            "aws_api_gateway_resource.visitor",
            "aws_api_gateway_rest_api.visitorapi",
            "aws_iam_role.iam_for_cloudwatch",
            "aws_lambda_function.visitor-counter",
            "aws_s3_bucket.lambda-visitor-counter-resources",
            "data.archive_file.visitor-counter-lambda",
            "data.aws_iam_policy_document.cw_assume_role"
          ]
        }
      ]
    },
    {
      "mode": "managed",
      "type": "aws_api_gateway_integration",
      "name": "postvisitorintegration",
      "provider": "provider[\"registry.terraform.io/hashicorp/aws\"]",
      "instances": [
        {
          "schema_version": 0,
          "attributes": {
            "cache_key_parameters": [],
            "cache_namespace": "xbth5v",
            "connection_id": "",
            "connection_type": "INTERNET",
            "content_handling": "",
            "credentials": "",
            "http_method": "POST",
            "id": "agi-nr9aeqflql-xbth5v-POST",
            "integration_http_method": "POST",
            "passthrough_behavior": "WHEN_NO_MATCH",
            "request_parameters": {},
            "request_templates": {},
            "resource_id": "xbth5v",
            "rest_api_id": "nr9aeqflql",
            "timeout_milliseconds": 29000,
            "tls_config": [],
            "type": "AWS_PROXY",
            "uri": "arn:aws:apigateway:us-west-2:lambda:path/2015-03-31/functions/arn:aws:lambda:us-west-2:741029586583:function:visitor-counter/invocations"
          },
          "sensitive_attributes": [],
          "private": "bnVsbA==",
          "dependencies": [
            "aws_api_gateway_resource.visitor",
            "aws_api_gateway_rest_api.visitorapi",
            "aws_iam_role.iam_for_cloudwatch",
            "aws_lambda_function.visitor-counter",
            "aws_s3_bucket.lambda-visitor-counter-resources",
            "data.archive_file.visitor-counter-lambda",
            "data.aws_iam_policy_document.cw_assume_role"
          ]
        }
      ]
    },
    {
      "mode": "managed",
      "type": "aws_api_gateway_integration",
      "name": "statusintegration",
      "provider": "provider[\"registry.terraform.io/hashicorp/aws\"]",
      "instances": [
        {
          "schema_version": 0,
          "attributes": {
            "cache_key_parameters": [],
            "cache_namespace": "x3wg9n",
            "connection_id": "",
            "connection_type": "INTERNET",
            "content_handling": "",
            "credentials": "",
            "http_method": "GET",
            "id": "agi-nr9aeqflql-x3wg9n-GET",
            "integration_http_method": "POST",
            "passthrough_behavior": "WHEN_NO_MATCH",
            "request_parameters": {},
            "request_templates": {},
            "resource_id": "x3wg9n",
            "rest_api_id": "nr9aeqflql",
            "timeout_milliseconds": 29000,
            "tls_config": [],
            "type": "AWS_PROXY",
            "uri": "arn:aws:apigateway:us-west-2:lambda:path/2015-03-31/functions/arn:aws:lambda:us-west-2:741029586583:function:visitor-counter/invocations"
          },
          "sensitive_attributes": [],
          "private": "bnVsbA==",
          "dependencies": [
            "aws_api_gateway_method.getstatus",
            "aws_api_gateway_resource.status",
            "aws_api_gateway_rest_api.visitorapi",
            "aws_iam_role.iam_for_cloudwatch",
            "aws_lambda_function.visitor-counter",
            "aws_s3_bucket.lambda-visitor-counter-resources",
            "data.archive_file.visitor-counter-lambda",
            "data.aws_iam_policy_document.cw_assume_role"
          ],
          "create_before_destroy": true
        }
      ]
    },
    {
      "mode": "managed",
      "type": "aws_api_gateway_integration",
      "name": "visitorintegration",
      "provider": "provider[\"registry.terraform.io/hashicorp/aws\"]",
      "instances": [
        {
          "schema_version": 0,
          "attributes": {
            "cache_key_parameters": [],
            "cache_namespace": "xbth5v",
            "connection_id": "",
            "connection_type": "INTERNET",
            "content_handling": "",
            "credentials": "",
            "http_method": "GET",
            "id": "agi-nr9aeqflql-xbth5v-GET",
            "integration_http_method": "POST",
            "passthrough_behavior": "WHEN_NO_MATCH",
            "request_parameters": {},
            "request_templates": {},
            "resource_id": "xbth5v",
            "rest_api_id": "nr9aeqflql",
            "timeout_milliseconds": 29000,
            "tls_config": [],
            "type": "AWS_PROXY",
            "uri": "arn:aws:apigateway:us-west-2:lambda:path/2015-03-31/functions/arn:aws:lambda:us-west-2:741029586583:function:visitor-counter/invocations"
          },
          "sensitive_attributes": [],
          "private": "bnVsbA==",
          "dependencies": [
            "aws_api_gateway_resource.visitor",
            "aws_api_gateway_rest_api.visitorapi",
            "aws_iam_role.iam_for_cloudwatch",
            "aws_lambda_function.visitor-counter",
            "aws_s3_bucket.lambda-visitor-counter-resources",
            "data.archive_file.visitor-counter-lambda",
            "data.aws_iam_policy_document.cw_assume_role"
          ]
        }
      ]
    },
    {
      "mode": "managed",
      "type": "aws_api_gateway_integration",
      "name": "visitorsintegration",
      "provider": "provider[\"registry.terraform.io/hashicorp/aws\"]",
      "instances": [
        {
          "schema_version": 0,
          "attributes": {
            "cache_key_parameters": [],
            "cache_namespace": "ml2gki",
            "connection_id": "",
            "connection_type": "INTERNET",
            "content_handling": "",
            "credentials": "",
            "http_method": "GET",
            "id": "agi-nr9aeqflql-ml2gki-GET",
            "integration_http_method": "POST",
            "passthrough_behavior": "WHEN_NO_MATCH",
            "request_parameters": {},
            "request_templates": {},
            "resource_id": "ml2gki",
            "rest_api_id": "nr9aeqflql",
            "timeout_milliseconds": 29000,
            "tls_config": [],
            "type": "AWS_PROXY",
            "uri": "arn:aws:apigateway:us-west-2:lambda:path/2015-03-31/functions/arn:aws:lambda:us-west-2:741029586583:function:visitor-counter/invocations"
          },
          "sensitive_attributes": [],
          "private": "bnVsbA==",
          "dependencies": [
            "aws_api_gateway_resource.visitors",
            "aws_api_gateway_rest_api.visitorapi",
            "aws_iam_role.iam_for_cloudwatch",
            "aws_lambda_function.visitor-counter",
            "aws_s3_bucket.lambda-visitor-counter-resources",
            "data.archive_file.visitor-counter-lambda",
            "data.aws_iam_policy_document.cw_assume_role"
          ]
        }
      ]
    },
    {
      "mode": "managed",
      "type": "aws_api_gateway_method",
      "name": "corsoptions",
      "provider": "provider[\"registry.terraform.io/hashicorp/aws\"]",
      "instances": [
        {
          "schema_version": 0,
          "attributes": {
            "api_key_required": false,
            "authorization": "NONE",
            "authorization_scopes": null,
            "authorizer_id": null,
            "http_method": "OPTIONS",
            "id": "agm-nr9aeqflql-xbth5v-OPTIONS",
            "operation_name": null,
            "request_models": null,
            "request_parameters": null,
            "request_validator_id": null,
            "resource_id": "xbth5v",
            "rest_api_id": "nr9aeqflql"
          },
          "sensitive_attributes": [],
          "private": "bnVsbA==",
          "dependencies": [
            "aws_api_gateway_resource.visitor",
            "aws_api_gateway_rest_api.visitorapi"
          ]
        }
      ]
    },
    {
      "mode": "managed",
      "type": "aws_api_gateway_method",
      "name": "deletevisitor",
      "provider": "provider[\"registry.terraform.io/hashicorp/aws\"]",
      "instances": [
        {
          "schema_version": 0,
          "attributes": {
            "api_key_required": false,
            "authorization": "NONE",
            "authorization_scopes": [],
            "authorizer_id": "",
            "http_method": "DELETE",
            "id": "agm-nr9aeqflql-xbth5v-DELETE",
            "operation_name": "",
            "request_models": {},
            "request_parameters": {},
            "request_validator_id": "",
            "resource_id": "xbth5v",
            "rest_api_id": "nr9aeqflql"
          },
          "sensitive_attributes": [],
          "private": "bnVsbA==",
          "dependencies": [
            "aws_api_gateway_resource.visitor",
            "aws_api_gateway_rest_api.visitorapi"
          ]
        }
      ]
    },
    {
      "mode": "managed",
      "type": "aws_api_gateway_method",
      "name": "getstatus",
      "provider": "provider[\"registry.terraform.io/hashicorp/aws\"]",
      "instances": [
        {
          "schema_version": 0,
          "attributes": {
            "api_key_required": false,
            "authorization": "NONE",
            "authorization_scopes": [],
            "authorizer_id": "",
            "http_method": "GET",
            "id": "agm-nr9aeqflql-x3wg9n-GET",
            "operation_name": "",
            "request_models": {},
            "request_parameters": {},
            "request_validator_id": "",
            "resource_id": "x3wg9n",
            "rest_api_id": "nr9aeqflql"
          },
          "sensitive_attributes": [],
          "private": "bnVsbA==",
          "dependencies": [
            "aws_api_gateway_resource.status",
            "aws_api_gateway_rest_api.visitorapi"
          ],
          "create_before_destroy": true
        }
      ]
    },
    {
      "mode": "managed",
      "type": "aws_api_gateway_method",
      "name": "getvisitor",
      "provider": "provider[\"registry.terraform.io/hashicorp/aws\"]",
      "instances": [
        {
          "schema_version": 0,
          "attributes": {
            "api_key_required": false,
            "authorization": "NONE",
            "authorization_scopes": [],
            "authorizer_id": "",
            "http_method": "GET",
            "id": "agm-nr9aeqflql-xbth5v-GET",
            "operation_name": "",
            "request_models": {},
            "request_parameters": {},
            "request_validator_id": "",
            "resource_id": "xbth5v",
            "rest_api_id": "nr9aeqflql"
          },
          "sensitive_attributes": [],
          "private": "bnVsbA==",
          "dependencies": [
            "aws_api_gateway_resource.visitor",
            "aws_api_gateway_rest_api.visitorapi"
          ]
        }
      ]
    },
    {
      "mode": "managed",
      "type": "aws_api_gateway_method",
      "name": "getvisitors",
      "provider": "provider[\"registry.terraform.io/hashicorp/aws\"]",
      "instances": [
        {
          "schema_version": 0,
          "attributes": {
            "api_key_required": false,
            "authorization": "NONE",
            "authorization_scopes": [],
            "authorizer_id": "",
            "http_method": "GET",
            "id": "agm-nr9aeqflql-ml2gki-GET",
            "operation_name": "",
            "request_models": {},
            "request_parameters": {},
            "request_validator_id": "",
            "resource_id": "ml2gki",
            "rest_api_id": "nr9aeqflql"
          },
          "sensitive_attributes": [],
          "private": "bnVsbA==",
          "dependencies": [
            "aws_api_gateway_resource.visitors",
            "aws_api_gateway_rest_api.visitorapi"
          ]
        }
      ]
    },
    {
      "mode": "managed",
      "type": "aws_api_gateway_method",
      "name": "patchvisitor",
      "provider": "provider[\"registry.terraform.io/hashicorp/aws\"]",
      "instances": [
        {
          "schema_version": 0,
          "attributes": {
            "api_key_required": false,
            "authorization": "NONE",
            "authorization_scopes": [],
            "authorizer_id": "",
            "http_method": "PATCH",
            "id": "agm-nr9aeqflql-xbth5v-PATCH",
            "operation_name": "",
            "request_models": {},
            "request_parameters": {},
            "request_validator_id": "",
            "resource_id": "xbth5v",
            "rest_api_id": "nr9aeqflql"
          },
          "sensitive_attributes": [],
          "private": "bnVsbA==",
          "dependencies": [
            "aws_api_gateway_resource.visitor",
            "aws_api_gateway_rest_api.visitorapi"
          ]
        }
      ]
    },
    {
      "mode": "managed",
      "type": "aws_api_gateway_method",
      "name": "postvisitor",
      "provider": "provider[\"registry.terraform.io/hashicorp/aws\"]",
      "instances": [
        {
          "schema_version": 0,
          "attributes": {
            "api_key_required": false,
            "authorization": "NONE",
            "authorization_scopes": [],
            "authorizer_id": "",
            "http_method": "POST",
            "id": "agm-nr9aeqflql-xbth5v-POST",
            "operation_name": "",
            "request_models": {},
            "request_parameters": {},
            "request_validator_id": "",
            "resource_id": "xbth5v",
            "rest_api_id": "nr9aeqflql"
          },
          "sensitive_attributes": [],
          "private": "bnVsbA==",
          "dependencies": [
            "aws_api_gateway_resource.visitor",
            "aws_api_gateway_rest_api.visitorapi"
          ]
        }
      ]
    },
    {
      "mode": "managed",
      "type": "aws_api_gateway_method_response",
      "name": "response_200",
      "provider": "provider[\"registry.terraform.io/hashicorp/aws\"]",
      "instances": [
        {
          "schema_version": 0,
          "attributes": {
            "http_method": "POST",
            "id": "agmr-nr9aeqflql-xbth5v-POST-200",
            "resource_id": "xbth5v",
            "response_models": {
              "application/json": "Empty"
            },
            "response_parameters": {
              "method.response.header.Access-Control-Allow-Headers": true,
              "method.response.header.Access-Control-Allow-Methods": true,
              "method.response.header.Access-Control-Allow-Origin": true
            },
            "rest_api_id": "nr9aeqflql",
            "status_code": "200"
          },
          "sensitive_attributes": [],
          "private": "bnVsbA==",
          "dependencies": [
            "aws_api_gateway_method.postvisitor",
            "aws_api_gateway_resource.visitor",
            "aws_api_gateway_rest_api.visitorapi"
          ]
        }
      ]
    },
    {
      "mode": "managed",
      "type": "aws_api_gateway_resource",
      "name": "status",
      "provider": "provider[\"registry.terraform.io/hashicorp/aws\"]",
      "instances": [
        {
          "schema_version": 0,
          "attributes": {
            "id": "x3wg9n",
            "parent_id": "xwe0acvjke",
            "path": "/status",
            "path_part": "status",
            "rest_api_id": "nr9aeqflql"
          },
          "sensitive_attributes": [],
          "private": "bnVsbA==",
          "dependencies": [
            "aws_api_gateway_rest_api.visitorapi"
          ],
          "create_before_destroy": true
        }
      ]
    },
    {
      "mode": "managed",
      "type": "aws_api_gateway_resource",
      "name": "visitor",
      "provider": "provider[\"registry.terraform.io/hashicorp/aws\"]",
      "instances": [
        {
          "schema_version": 0,
          "attributes": {
            "id": "xbth5v",
            "parent_id": "xwe0acvjke",
            "path": "/visitor",
            "path_part": "visitor",
            "rest_api_id": "nr9aeqflql"
          },
          "sensitive_attributes": [],
          "private": "bnVsbA==",
          "dependencies": [
            "aws_api_gateway_rest_api.visitorapi"
          ]
        }
      ]
    },
    {
      "mode": "managed",
      "type": "aws_api_gateway_resource",
      "name": "visitors",
      "provider": "provider[\"registry.terraform.io/hashicorp/aws\"]",
      "instances": [
        {
          "schema_version": 0,
          "attributes": {
            "id": "ml2gki",
            "parent_id": "xwe0acvjke",
            "path": "/visitors",
            "path_part": "visitors",
            "rest_api_id": "nr9aeqflql"
          },
          "sensitive_attributes": [],
          "private": "bnVsbA==",
          "dependencies": [
            "aws_api_gateway_rest_api.visitorapi"
          ]
        }
      ]
    },
    {
      "mode": "managed",
      "type": "aws_api_gateway_rest_api",
      "name": "visitorapi",
      "provider": "provider[\"registry.terraform.io/hashicorp/aws\"]",
      "instances": [
        {
          "schema_version": 0,
          "attributes": {
            "api_key_source": "HEADER",
            "arn": "arn:aws:apigateway:us-west-2::/restapis/nr9aeqflql",
            "binary_media_types": [],
            "body": null,
            "created_date": "2025-03-08T04:50:09Z",
            "description": "",
            "disable_execute_api_endpoint": false,
            "endpoint_configuration": [
              {
                "types": [
                  "EDGE"
                ],
                "vpc_endpoint_ids": []
              }
            ],
            "execution_arn": "arn:aws:execute-api:us-west-2:741029586583:nr9aeqflql",
            "fail_on_warnings": null,
            "id": "nr9aeqflql",
            "minimum_compression_size": "",
            "name": "visitor-tracker",
            "parameters": null,
            "policy": "",
            "put_rest_api_mode": null,
            "root_resource_id": "xwe0acvjke",
            "tags": {},
            "tags_all": {}
          },
          "sensitive_attributes": [],
          "private": "bnVsbA==",
          "create_before_destroy": true
        }
      ]
    },
    {
      "mode": "managed",
      "type": "aws_api_gateway_stage",
      "name": "example",
      "provider": "provider[\"registry.terraform.io/hashicorp/aws\"]",
      "instances": [
        {
          "schema_version": 0,
          "attributes": {
            "access_log_settings": [],
            "arn": "arn:aws:apigateway:us-west-2::/restapis/nr9aeqflql/stages/production",
            "cache_cluster_enabled": false,
            "cache_cluster_size": "",
            "canary_settings": [],
            "client_certificate_id": "",
            "deployment_id": "60obgb",
            "description": "",
            "documentation_version": "",
            "execution_arn": "arn:aws:execute-api:us-west-2:741029586583:nr9aeqflql/production",
            "id": "ags-nr9aeqflql-production",
            "invoke_url": "https://nr9aeqflql.execute-api.us-west-2.amazonaws.com/production",
            "rest_api_id": "nr9aeqflql",
            "stage_name": "production",
            "tags": {},
            "tags_all": {},
            "variables": {},
            "web_acl_arn": "",
            "xray_tracing_enabled": false
          },
          "sensitive_attributes": [],
          "private": "bnVsbA==",
          "dependencies": [
            "aws_api_gateway_deployment.apideployment",
            "aws_api_gateway_integration.statusintegration",
            "aws_api_gateway_method.getstatus",
            "aws_api_gateway_resource.status",
            "aws_api_gateway_rest_api.visitorapi",
            "aws_cloudwatch_log_group.visitorlogs",
            "aws_iam_role.iam_for_cloudwatch",
            "aws_lambda_function.visitor-counter",
            "aws_s3_bucket.lambda-visitor-counter-resources",
            "data.archive_file.visitor-counter-lambda",
            "data.aws_iam_policy_document.cw_assume_role"
          ]
        }
      ]
    },
    {
      "mode": "managed",
      "type": "aws_cloudwatch_log_group",
      "name": "visitorlogs",
      "provider": "provider[\"registry.terraform.io/hashicorp/aws\"]",
      "instances": [
        {
          "schema_version": 0,
          "attributes": {
            "arn": "arn:aws:logs:us-west-2:741029586583:log-group:visitorlogs_nr9aeqflql/production",
            "id": "visitorlogs_nr9aeqflql/production",
            "kms_key_id": "",
            "log_group_class": "STANDARD",
            "name": "visitorlogs_nr9aeqflql/production",
            "name_prefix": "",
            "retention_in_days": 0,
            "skip_destroy": false,
            "tags": {
              "Application": "Cloud Resume Project",
              "Environment": "Production"
            },
            "tags_all": {
              "Application": "Cloud Resume Project",
              "Environment": "Production"
            }
          },
          "sensitive_attributes": [],
          "private": "bnVsbA==",
          "dependencies": [
            "aws_api_gateway_rest_api.visitorapi"
          ]
        }
      ]
    },
    {
      "mode": "managed",
      "type": "aws_dynamodb_table",
      "name": "visitor-tracker",
      "provider": "provider[\"registry.terraform.io/hashicorp/aws\"]",
      "instances": [
        {
          "schema_version": 1,
          "attributes": {
            "arn": "arn:aws:dynamodb:us-west-2:741029586583:table/visitor-tracker",
            "attribute": [
              {
                "name": "visitorid",
                "type": "S"
              }
            ],
            "billing_mode": "PAY_PER_REQUEST",
            "deletion_protection_enabled": false,
            "global_secondary_index": [],
            "hash_key": "visitorid",
            "id": "visitor-tracker",
            "import_table": [],
            "local_secondary_index": [],
            "name": "visitor-tracker",
            "on_demand_throughput": [],
            "point_in_time_recovery": [
              {
                "enabled": false
              }
            ],
            "range_key": null,
            "read_capacity": 0,
            "replica": [],
            "restore_date_time": null,
            "restore_source_name": null,
            "restore_source_table_arn": null,
            "restore_to_latest_time": null,
            "server_side_encryption": [],
            "stream_arn": "",
            "stream_enabled": false,
            "stream_label": "",
            "stream_view_type": "",
            "table_class": "STANDARD",
            "tags": {
              "Project": "Cloud Resume Project"
            },
            "tags_all": {
              "Project": "Cloud Resume Project"
            },
            "timeouts": null,
            "ttl": [
              {
                "attribute_name": "",
                "enabled": false
              }
            ],
            "write_capacity": 0
          },
          "sensitive_attributes": [],
          "private": "eyJlMmJmYjczMC1lY2FhLTExZTYtOGY4OC0zNDM2M2JjN2M0YzAiOnsiY3JlYXRlIjoxODAwMDAwMDAwMDAwLCJkZWxldGUiOjYwMDAwMDAwMDAwMCwidXBkYXRlIjozNjAwMDAwMDAwMDAwfSwic2NoZW1hX3ZlcnNpb24iOiIxIn0="
        }
      ]
    },
    {
      "mode": "managed",
      "type": "aws_iam_role",
      "name": "iam_for_cloudwatch",
      "provider": "provider[\"registry.terraform.io/hashicorp/aws\"]",
      "instances": [
        {
          "schema_version": 0,
          "attributes": {
            "arn": "arn:aws:iam::741029586583:role/iam_for_cloudwatch",
            "assume_role_policy": "{\"Statement\":[{\"Action\":\"sts:AssumeRole\",\"Effect\":\"Allow\",\"Principal\":{\"Service\":[\"lambda.amazonaws.com\",\"cloudwatch.amazonaws.com\"]}}],\"Version\":\"2012-10-17\"}",
            "create_date": "2025-03-08T20:18:41Z",
            "description": "",
            "force_detach_policies": false,
            "id": "iam_for_cloudwatch",
            "inline_policy": [],
            "managed_policy_arns": [
              "arn:aws:iam::aws:policy/AmazonDynamoDBFullAccess",
              "arn:aws:iam::aws:policy/service-role/AWSLambdaBasicExecutionRole"
            ],
            "max_session_duration": 3600,
            "name": "iam_for_cloudwatch",
            "name_prefix": "",
            "path": "/",
            "permissions_boundary": "",
            "tags": {},
            "tags_all": {},
            "unique_id": "AROA2ZCGOE2LQPFXWVZFY"
          },
          "sensitive_attributes": [],
          "private": "bnVsbA==",
          "dependencies": [
            "data.aws_iam_policy_document.cw_assume_role"
          ],
          "create_before_destroy": true
        }
      ]
    },
    {
      "mode": "managed",
      "type": "aws_iam_role",
      "name": "iam_for_lambda",
      "provider": "provider[\"registry.terraform.io/hashicorp/aws\"]",
      "instances": [
        {
          "schema_version": 0,
          "attributes": {
            "arn": "arn:aws:iam::741029586583:role/iam_for_lambda",
            "assume_role_policy": "{\"Statement\":[{\"Action\":\"sts:AssumeRole\",\"Effect\":\"Allow\",\"Principal\":{\"Service\":\"lambda.amazonaws.com\"}}],\"Version\":\"2012-10-17\"}",
            "create_date": "2025-02-20T05:06:37Z",
            "description": "",
            "force_detach_policies": false,
            "id": "iam_for_lambda",
            "inline_policy": [],
            "managed_policy_arns": [],
            "max_session_duration": 3600,
            "name": "iam_for_lambda",
            "name_prefix": "",
            "path": "/",
            "permissions_boundary": "",
            "tags": {},
            "tags_all": {},
            "unique_id": "AROA2ZCGOE2L67KLBEK6N"
          },
          "sensitive_attributes": [],
          "private": "bnVsbA==",
          "dependencies": [
            "data.aws_iam_policy_document.assume_role"
          ]
        }
      ]
    },
    {
      "mode": "managed",
      "type": "aws_iam_role_policy_attachment",
      "name": "cloudwatching_lambda_policy",
      "provider": "provider[\"registry.terraform.io/hashicorp/aws\"]",
      "instances": [
        {
          "schema_version": 0,
          "attributes": {
            "id": "iam_for_cloudwatch-20250308202903817100000001",
            "policy_arn": "arn:aws:iam::aws:policy/service-role/AWSLambdaBasicExecutionRole",
            "role": "iam_for_cloudwatch"
          },
          "sensitive_attributes": [],
          "private": "bnVsbA==",
          "dependencies": [
            "aws_iam_role.iam_for_cloudwatch",
            "data.aws_iam_policy_document.cw_assume_role"
          ]
        }
      ]
    },
    {
      "mode": "managed",
      "type": "aws_iam_role_policy_attachment",
      "name": "dynamodb_policy",
      "provider": "provider[\"registry.terraform.io/hashicorp/aws\"]",
      "instances": [
        {
          "schema_version": 0,
          "attributes": {
            "id": "iam_for_cloudwatch-20250309005533927500000001",
            "policy_arn": "arn:aws:iam::aws:policy/AmazonDynamoDBFullAccess",
            "role": "iam_for_cloudwatch"
          },
          "sensitive_attributes": [],
          "private": "bnVsbA==",
          "dependencies": [
            "aws_iam_role.iam_for_cloudwatch",
            "data.aws_iam_policy_document.cw_assume_role"
          ]
        }
      ]
    },
    {
      "mode": "managed",
      "type": "aws_lambda_function",
      "name": "visitor-counter",
      "provider": "provider[\"registry.terraform.io/hashicorp/aws\"]",
      "instances": [
        {
          "schema_version": 0,
          "attributes": {
            "architectures": [
              "x86_64"
            ],
            "arn": "arn:aws:lambda:us-west-2:741029586583:function:visitor-counter",
            "code_sha256": "vUj04TuZbhnev9XxO4Ejazut7BXjOxQEUegJYYqlTW8=",
            "code_signing_config_arn": "",
            "dead_letter_config": [],
            "description": "",
            "environment": [],
            "ephemeral_storage": [
              {
                "size": 512
              }
            ],
            "file_system_config": [],
            "filename": null,
            "function_name": "visitor-counter",
            "handler": "lambda.lambda_handler",
            "id": "visitor-counter",
            "image_config": [],
            "image_uri": "",
            "invoke_arn": "arn:aws:apigateway:us-west-2:lambda:path/2015-03-31/functions/arn:aws:lambda:us-west-2:741029586583:function:visitor-counter/invocations",
            "kms_key_arn": "",
            "last_modified": "2025-03-13T00:47:10.000+0000",
            "layers": [],
            "logging_config": [
              {
                "application_log_level": "",
                "log_format": "Text",
                "log_group": "/aws/lambda/visitor-counter",
                "system_log_level": ""
              }
            ],
            "memory_size": 128,
            "package_type": "Zip",
            "publish": false,
            "qualified_arn": "arn:aws:lambda:us-west-2:741029586583:function:visitor-counter:$LATEST",
            "qualified_invoke_arn": "arn:aws:apigateway:us-west-2:lambda:path/2015-03-31/functions/arn:aws:lambda:us-west-2:741029586583:function:visitor-counter:$LATEST/invocations",
            "replace_security_groups_on_destroy": null,
            "replacement_security_group_ids": null,
            "reserved_concurrent_executions": -1,
            "role": "arn:aws:iam::741029586583:role/iam_for_cloudwatch",
            "runtime": "python3.9",
            "s3_bucket": "lambda-visitor-counter-resources",
            "s3_key": "visitorcounter2.zip",
            "s3_object_version": null,
            "signing_job_arn": "",
            "signing_profile_version_arn": "",
            "skip_destroy": false,
            "snap_start": [],
            "source_code_hash": "vUj04TuZbhnev9XxO4Ejazut7BXjOxQEUegJYYqlTW8=",
            "source_code_size": 1474,
            "tags": {},
            "tags_all": {},
            "timeout": 3,
            "timeouts": null,
            "tracing_config": [
              {
                "mode": "PassThrough"
              }
            ],
            "version": "$LATEST",
            "vpc_config": []
          },
          "sensitive_attributes": [],
          "private": "eyJlMmJmYjczMC1lY2FhLTExZTYtOGY4OC0zNDM2M2JjN2M0YzAiOnsiY3JlYXRlIjo2MDAwMDAwMDAwMDAsImRlbGV0ZSI6NjAwMDAwMDAwMDAwLCJ1cGRhdGUiOjYwMDAwMDAwMDAwMH19",
          "dependencies": [
            "aws_iam_role.iam_for_cloudwatch",
            "aws_s3_bucket.lambda-visitor-counter-resources",
            "data.archive_file.visitor-counter-lambda",
            "data.aws_iam_policy_document.cw_assume_role"
          ],
          "create_before_destroy": true
        }
      ]
    },
    {
      "mode": "managed",
      "type": "aws_lambda_permission",
      "name": "visitorslambdapermission",
      "provider": "provider[\"registry.terraform.io/hashicorp/aws\"]",
      "instances": [
        {
          "schema_version": 0,
          "attributes": {
            "action": "lambda:InvokeFunction",
            "event_source_token": null,
            "function_name": "visitor-counter",
            "function_url_auth_type": null,
            "id": "AllowVisitorsAPIInvoke",
            "principal": "apigateway.amazonaws.com",
            "principal_org_id": null,
            "qualifier": "",
            "source_account": null,
            "source_arn": "arn:aws:execute-api:us-west-2:741029586583:nr9aeqflql/*",
            "statement_id": "AllowVisitorsAPIInvoke",
            "statement_id_prefix": ""
          },
          "sensitive_attributes": [],
          "private": "bnVsbA==",
          "dependencies": [
            "aws_api_gateway_rest_api.visitorapi",
            "aws_iam_role.iam_for_cloudwatch",
            "aws_lambda_function.visitor-counter",
            "aws_s3_bucket.lambda-visitor-counter-resources",
            "data.archive_file.visitor-counter-lambda",
            "data.aws_iam_policy_document.cw_assume_role"
          ]
        }
      ]
    },
    {
      "mode": "managed",
      "type": "aws_s3_bucket",
      "name": "lambda-visitor-counter-resources",
      "provider": "provider[\"registry.terraform.io/hashicorp/aws\"]",
      "instances": [
        {
          "schema_version": 0,
          "attributes": {
            "acceleration_status": "",
            "acl": null,
            "arn": "arn:aws:s3:::lambda-visitor-counter-resources",
            "bucket": "lambda-visitor-counter-resources",
            "bucket_domain_name": "lambda-visitor-counter-resources.s3.amazonaws.com",
            "bucket_prefix": "",
            "bucket_regional_domain_name": "lambda-visitor-counter-resources.s3.us-west-2.amazonaws.com",
            "cors_rule": [],
            "force_destroy": false,
            "grant": [
              {
                "id": "170c9766112786b1edae62f1b8c45a9735069eae6c4cbb952347ff4ffcaabbc0",
                "permissions": [
                  "FULL_CONTROL"
                ],
                "type": "CanonicalUser",
                "uri": ""
              }
            ],
            "hosted_zone_id": "Z3BJ6K6RIION7M",
            "id": "lambda-visitor-counter-resources",
            "lifecycle_rule": [],
            "logging": [],
            "object_lock_configuration": [],
            "object_lock_enabled": false,
            "policy": "",
            "region": "us-west-2",
            "replication_configuration": [],
            "request_payer": "BucketOwner",
            "server_side_encryption_configuration": [
              {
                "rule": [
                  {
                    "apply_server_side_encryption_by_default": [
                      {
                        "kms_master_key_id": "",
                        "sse_algorithm": "AES256"
                      }
                    ],
                    "bucket_key_enabled": false
                  }
                ]
              }
            ],
            "tags": {
              "Name": "lambda-visitor-counter-resources",
              "Project": "Cloud Resume Project"
            },
            "tags_all": {
              "Name": "lambda-visitor-counter-resources",
              "Project": "Cloud Resume Project"
            },
            "timeouts": null,
            "versioning": [
              {
                "enabled": false,
                "mfa_delete": false
              }
            ],
            "website": [],
            "website_domain": null,
            "website_endpoint": null
          },
          "sensitive_attributes": [],
          "private": "eyJlMmJmYjczMC1lY2FhLTExZTYtOGY4OC0zNDM2M2JjN2M0YzAiOnsiY3JlYXRlIjoxMjAwMDAwMDAwMDAwLCJkZWxldGUiOjM2MDAwMDAwMDAwMDAsInJlYWQiOjEyMDAwMDAwMDAwMDAsInVwZGF0ZSI6MTIwMDAwMDAwMDAwMH19",
          "create_before_destroy": true
        }
      ]
    },
    {
      "mode": "managed",
      "type": "aws_s3_object",
      "name": "lambda-visitor-counter-code",
      "provider": "provider[\"registry.terraform.io/hashicorp/aws\"]",
      "instances": [
        {
          "schema_version": 0,
          "attributes": {
            "acl": null,
            "arn": "arn:aws:s3:::lambda-visitor-counter-resources/visitorcounter2.zip",
            "bucket": "lambda-visitor-counter-resources",
            "bucket_key_enabled": false,
            "cache_control": "",
            "checksum_algorithm": null,
            "checksum_crc32": "",
            "checksum_crc32c": "",
            "checksum_crc64nvme": "",
            "checksum_sha1": "",
            "checksum_sha256": "",
            "content": null,
            "content_base64": null,
            "content_disposition": "",
            "content_encoding": "",
            "content_language": "",
            "content_type": "application/octet-stream",
            "etag": "a325bece1f443f80038d5a95a1449db3",
            "force_destroy": false,
            "id": "visitorcounter2.zip",
            "key": "visitorcounter2.zip",
            "kms_key_id": null,
            "metadata": {},
            "object_lock_legal_hold_status": "",
            "object_lock_mode": "",
            "object_lock_retain_until_date": "",
            "override_provider": [],
            "server_side_encryption": "AES256",
            "source": "visitorcounter2.zip",
            "source_hash": null,
            "storage_class": "STANDARD",
            "tags": {},
            "tags_all": {},
            "version_id": "",
            "website_redirect": ""
          },
          "sensitive_attributes": [],
          "private": "bnVsbA==",
          "dependencies": [
            "aws_s3_bucket.lambda-visitor-counter-resources",
            "data.archive_file.visitor-counter-lambda"
          ]
        }
      ]
    }
  ],
  "check_results": null
}
